
Microsoft Visual Studio Solution File, Format Version 12.00
# Visual Studio Version 16
VisualStudioVersion = 16.0.30717.126
MinimumVisualStudioVersion = 10.0.40219.1
Project("{9A19103F-16F7-4668-BE54-9A1E7A4F7556}") = "Credit.Api", "Credit.Api\Credit.Api.csproj", "{91B87D6D-6B7B-468F-B8E0-6028436F815E}"
EndProject
Project("{9A19103F-16F7-4668-BE54-9A1E7A4F7556}") = "Credit.Repositories", "Credit.Repository\Credit.Repositories.csproj", "{56947EEB-B2D7-4CCA-8DC2-BE8F3B266570}"
EndProject
Project("{9A19103F-16F7-4668-BE54-9A1E7A4F7556}") = "Credit.Services", "Credit.Services\Credit.Services.csproj", "{96AE47A8-DE1F-495F-B616-774B8F43A688}"
EndProject
Project("{FAE04EC0-301F-11D3-BF4B-00C04F79EFBC}") = "Credit.Tests", "..\Credit.Tests\Credit.Tests.csproj", "{AAC7024D-C209-4172-A983-7EF049943884}"
EndProject
Global
	GlobalSection(SolutionConfigurationPlatforms) = preSolution
		Debug|Any CPU = Debug|Any CPU
		Release|Any CPU = Release|Any CPU
	EndGlobalSection
	GlobalSection(ProjectConfigurationPlatforms) = postSolution
		{91B87D6D-6B7B-468F-B8E0-6028436F815E}.Debug|Any CPU.ActiveCfg = Debug|Any CPU
		{91B87D6D-6B7B-468F-B8E0-6028436F815E}.Debug|Any CPU.Build.0 = Debug|Any CPU
		{91B87D6D-6B7B-468F-B8E0-6028436F815E}.Release|Any CPU.ActiveCfg = Release|Any CPU
		{91B87D6D-6B7B-468F-B8E0-6028436F815E}.Release|Any CPU.Build.0 = Release|Any CPU
		{56947EEB-B2D7-4CCA-8DC2-BE8F3B266570}.Debug|Any CPU.ActiveCfg = Debug|Any CPU
		{56947EEB-B2D7-4CCA-8DC2-BE8F3B266570}.Debug|Any CPU.Build.0 = Debug|Any CPU
		{56947EEB-B2D7-4CCA-8DC2-BE8F3B266570}.Release|Any CPU.ActiveCfg = Release|Any CPU
		{56947EEB-B2D7-4CCA-8DC2-BE8F3B266570}.Release|Any CPU.Build.0 = Release|Any CPU
		{96AE47A8-DE1F-495F-B616-774B8F43A688}.Debug|Any CPU.ActiveCfg = Debug|Any CPU
		{96AE47A8-DE1F-495F-B616-774B8F43A688}.Debug|Any CPU.Build.0 = Debug|Any CPU
		{96AE47A8-DE1F-495F-B616-774B8F43A688}.Release|Any CPU.ActiveCfg = Release|Any CPU
		{96AE47A8-DE1F-495F-B616-774B8F43A688}.Release|Any CPU.Build.0 = Release|Any CPU
		{AAC7024D-C209-4172-A983-7EF049943884}.Debug|Any CPU.ActiveCfg = Debug|Any CPU
		{AAC7024D-C209-4172-A983-7EF049943884}.Debug|Any CPU.Build.0 = Debug|Any CPU
		{AAC7024D-C209-4172-A983-7EF049943884}.Release|Any CPU.ActiveCfg = Release|Any CPU
		{AAC7024D-C209-4172-A983-7EF049943884}.Release|Any CPU.Build.0 = Release|Any CPU
	EndGlobalSection
	GlobalSection(SolutionProperties) = preSolution
		HideSolutionNode = FALSE
	EndGlobalSection
	GlobalSection(ExtensibilityGlobals) = postSolution
		SolutionGuid = {6F05BDD9-4496-4885-B6A9-A1D78F205C48}
	EndGlobalSection
EndGlobal
